
Microsoft Visual Studio Solution File, Format Version 12.00
# Visual Studio 2013
VisualStudioVersion = 12.0.21005.1
MinimumVisualStudioVersion = 10.0.40219.1
Project("{8BC9CEB8-8B4A-11D0-8D11-00A0C91BC942}") = "test4-4", "test4-4\test4-4.vcxproj", "{A8C8B7B4-F4D5-4363-B009-08CC51617E42}"
EndProject
Global
	GlobalSection(SolutionConfigurationPlatforms) = preSolution
		Debug|Win32 = Debug|Win32
		Release|Win32 = Release|Win32
	EndGlobalSection
	GlobalSection(ProjectConfigurationPlatforms) = postSolution
		{A8C8B7B4-F4D5-4363-B009-08CC51617E42}.Debug|Win32.ActiveCfg = Debug|Win32
		{A8C8B7B4-F4D5-4363-B009-08CC51617E42}.Debug|Win32.Build.0 = Debug|Win32
		{A8C8B7B4-F4D5-4363-B009-08CC51617E42}.Release|Win32.ActiveCfg = Release|Win32
		{A8C8B7B4-F4D5-4363-B009-08CC51617E42}.Release|Win32.Build.0 = Release|Win32
	EndGlobalSection
	GlobalSection(SolutionProperties) = preSolution
		HideSolutionNode = FALSE
	EndGlobalSection
EndGlobal
